
Microsoft Visual Studio Solution File, Format Version 12.00
# Visual Studio Version 17
VisualStudioVersion = 17.10.35027.167
MinimumVisualStudioVersion = 10.0.40219.1
Project("{FAE04EC0-301F-11D3-BF4B-00C04F79EFBC}") = "Sodv2101_Group13_BudgetApp", "Sodv2101_Group13_BudgetApp\Sodv2101_Group13_BudgetApp.csproj", "{2728EFA3-9E5B-4BD7-BEBB-053894AA50C3}"
EndProject
Global
	GlobalSection(SolutionConfigurationPlatforms) = preSolution
		Debug|Any CPU = Debug|Any CPU
		Release|Any CPU = Release|Any CPU
	EndGlobalSection
	GlobalSection(ProjectConfigurationPlatforms) = postSolution
		{2728EFA3-9E5B-4BD7-BEBB-053894AA50C3}.Debug|Any CPU.ActiveCfg = Debug|Any CPU
		{2728EFA3-9E5B-4BD7-BEBB-053894AA50C3}.Debug|Any CPU.Build.0 = Debug|Any CPU
		{2728EFA3-9E5B-4BD7-BEBB-053894AA50C3}.Release|Any CPU.ActiveCfg = Release|Any CPU
		{2728EFA3-9E5B-4BD7-BEBB-053894AA50C3}.Release|Any CPU.Build.0 = Release|Any CPU
	EndGlobalSection
	GlobalSection(SolutionProperties) = preSolution
		HideSolutionNode = FALSE
	EndGlobalSection
	GlobalSection(ExtensibilityGlobals) = postSolution
		SolutionGuid = {275F44C5-0320-4154-9107-3491951E17BE}
	EndGlobalSection
EndGlobal
